
Microsoft Visual Studio Solution File, Format Version 12.00
# Visual Studio 15
VisualStudioVersion = 15.0.26206.0
MinimumVisualStudioVersion = 10.0.40219.1
Project("{FAE04EC0-301F-11D3-BF4B-00C04F79EFBC}") = "RealMocking", "RealMocking\RealMocking.csproj", "{43F9778B-A195-4C30-A22C-C76782AFCAD0}"
EndProject
Project("{FAE04EC0-301F-11D3-BF4B-00C04F79EFBC}") = "RealMocking.Tests", "RealMocking.Tests\RealMocking.Tests.csproj", "{FECD840B-B573-4A19-8D83-90B5F2521A74}"
EndProject
Global
	GlobalSection(SolutionConfigurationPlatforms) = preSolution
		Debug|Any CPU = Debug|Any CPU
		Release|Any CPU = Release|Any CPU
	EndGlobalSection
	GlobalSection(ProjectConfigurationPlatforms) = postSolution
		{43F9778B-A195-4C30-A22C-C76782AFCAD0}.Debug|Any CPU.ActiveCfg = Debug|Any CPU
		{43F9778B-A195-4C30-A22C-C76782AFCAD0}.Debug|Any CPU.Build.0 = Debug|Any CPU
		{43F9778B-A195-4C30-A22C-C76782AFCAD0}.Release|Any CPU.ActiveCfg = Release|Any CPU
		{43F9778B-A195-4C30-A22C-C76782AFCAD0}.Release|Any CPU.Build.0 = Release|Any CPU
		{FECD840B-B573-4A19-8D83-90B5F2521A74}.Debug|Any CPU.ActiveCfg = Debug|Any CPU
		{FECD840B-B573-4A19-8D83-90B5F2521A74}.Debug|Any CPU.Build.0 = Debug|Any CPU
		{FECD840B-B573-4A19-8D83-90B5F2521A74}.Release|Any CPU.ActiveCfg = Release|Any CPU
		{FECD840B-B573-4A19-8D83-90B5F2521A74}.Release|Any CPU.Build.0 = Release|Any CPU
	EndGlobalSection
	GlobalSection(SolutionProperties) = preSolution
		HideSolutionNode = FALSE
	EndGlobalSection
EndGlobal
